
Microsoft Visual Studio Solution File, Format Version 12.00
# Visual Studio Version 17
VisualStudioVersion = 17.8.34316.72
MinimumVisualStudioVersion = 10.0.40219.1
Project("{8BC9CEB8-8B4A-11D0-8D11-00A0C91BC942}") = "Aula 1 - Apontadores", "Aula 1 - Apontadores\Aula 1 - Apontadores.vcxproj", "{D51FC24C-3D48-45E6-99C9-A9FA7D4E46B5}"
EndProject
Project("{2150E333-8FDC-42A3-9474-1A3956D46DE8}") = "Aula 2 - Apontadores e Memoria", "Aula 2 - Apontadores e Memoria", "{B229898F-4360-4E65-9595-72A6FF0C6126}"
EndProject
Project("{8BC9CEB8-8B4A-11D0-8D11-00A0C91BC942}") = "Aula 2 - Apontadores e Memoria", "Aula 2 - Apontadores e Memoria\Aula 2 - Apontadores e Memoria.vcxproj", "{26878CA4-3DAC-466B-85D8-DB4C2EC16698}"
EndProject
Project("{8BC9CEB8-8B4A-11D0-8D11-00A0C91BC942}") = "Aula 2 - Usa Lib", "Aula 2 - Usa Lib\Aula 2 - Usa Lib.vcxproj", "{40D3FC2C-9CE6-4133-A359-5EDAD43B04D9}"
EndProject
Project("{2150E333-8FDC-42A3-9474-1A3956D46DE8}") = "Exercicio 1", "Exercicio 1", "{EB81C3E4-4A60-4D90-837F-ACFD38EED73B}"
EndProject
Project("{8BC9CEB8-8B4A-11D0-8D11-00A0C91BC942}") = "Folha1-Lib", "Folha1-Lib\Folha1-Lib.vcxproj", "{F1EC44C4-D1E7-43C3-AD08-7B238F8835EC}"
EndProject
Project("{8BC9CEB8-8B4A-11D0-8D11-00A0C91BC942}") = "Folha1_Solucao", "Folha1_Solucao\Folha1_Solucao.vcxproj", "{1FFA591C-03ED-4DFE-8A92-4CC1F8EFA7CE}"
EndProject
Project("{8BC9CEB8-8B4A-11D0-8D11-00A0C91BC942}") = "Aula 5 - Listas Ligadas", "Aula 5 - Listas Ligadas\Aula 5 - Listas Ligadas.vcxproj", "{43C2BF84-B8B7-4DCA-8D3C-F385B0C68CD7}"
EndProject
Project("{8BC9CEB8-8B4A-11D0-8D11-00A0C91BC942}") = "Aula 6 - Listas Ligadas Clubes", "Aula 6 - Listas Ligadas Clubes\Aula 6 - Listas Ligadas Clubes.vcxproj", "{D6E95E2D-0F01-4ADB-AF07-4468A1526D64}"
EndProject
Project("{8BC9CEB8-8B4A-11D0-8D11-00A0C91BC942}") = "Aula 7 - Grafos MA", "Aula 7 - Grafos MA\Aula 7 - Grafos MA.vcxproj", "{594A0BC2-2FA4-4100-9BD0-3F30C5432F76}"
EndProject
Project("{8BC9CEB8-8B4A-11D0-8D11-00A0C91BC942}") = "Aula 8 - Grafo LA", "Aula 8 - Grafo LA\Aula 8 - Grafo LA.vcxproj", "{9FB705CC-FD51-4CC0-950E-BCD4A3A8F97E}"
EndProject
Global
	GlobalSection(SolutionConfigurationPlatforms) = preSolution
		Debug|x64 = Debug|x64
		Debug|x86 = Debug|x86
		Release|x64 = Release|x64
		Release|x86 = Release|x86
	EndGlobalSection
	GlobalSection(ProjectConfigurationPlatforms) = postSolution
		{D51FC24C-3D48-45E6-99C9-A9FA7D4E46B5}.Debug|x64.ActiveCfg = Debug|x64
		{D51FC24C-3D48-45E6-99C9-A9FA7D4E46B5}.Debug|x64.Build.0 = Debug|x64
		{D51FC24C-3D48-45E6-99C9-A9FA7D4E46B5}.Debug|x86.ActiveCfg = Debug|Win32
		{D51FC24C-3D48-45E6-99C9-A9FA7D4E46B5}.Debug|x86.Build.0 = Debug|Win32
		{D51FC24C-3D48-45E6-99C9-A9FA7D4E46B5}.Release|x64.ActiveCfg = Release|x64
		{D51FC24C-3D48-45E6-99C9-A9FA7D4E46B5}.Release|x64.Build.0 = Release|x64
		{D51FC24C-3D48-45E6-99C9-A9FA7D4E46B5}.Release|x86.ActiveCfg = Release|Win32
		{D51FC24C-3D48-45E6-99C9-A9FA7D4E46B5}.Release|x86.Build.0 = Release|Win32
		{26878CA4-3DAC-466B-85D8-DB4C2EC16698}.Debug|x64.ActiveCfg = Debug|x64
		{26878CA4-3DAC-466B-85D8-DB4C2EC16698}.Debug|x64.Build.0 = Debug|x64
		{26878CA4-3DAC-466B-85D8-DB4C2EC16698}.Debug|x86.ActiveCfg = Debug|Win32
		{26878CA4-3DAC-466B-85D8-DB4C2EC16698}.Debug|x86.Build.0 = Debug|Win32
		{26878CA4-3DAC-466B-85D8-DB4C2EC16698}.Release|x64.ActiveCfg = Release|x64
		{26878CA4-3DAC-466B-85D8-DB4C2EC16698}.Release|x64.Build.0 = Release|x64
		{26878CA4-3DAC-466B-85D8-DB4C2EC16698}.Release|x86.ActiveCfg = Release|Win32
		{26878CA4-3DAC-466B-85D8-DB4C2EC16698}.Release|x86.Build.0 = Release|Win32
		{40D3FC2C-9CE6-4133-A359-5EDAD43B04D9}.Debug|x64.ActiveCfg = Debug|x64
		{40D3FC2C-9CE6-4133-A359-5EDAD43B04D9}.Debug|x64.Build.0 = Debug|x64
		{40D3FC2C-9CE6-4133-A359-5EDAD43B04D9}.Debug|x86.ActiveCfg = Debug|Win32
		{40D3FC2C-9CE6-4133-A359-5EDAD43B04D9}.Debug|x86.Build.0 = Debug|Win32
		{40D3FC2C-9CE6-4133-A359-5EDAD43B04D9}.Release|x64.ActiveCfg = Release|x64
		{40D3FC2C-9CE6-4133-A359-5EDAD43B04D9}.Release|x64.Build.0 = Release|x64
		{40D3FC2C-9CE6-4133-A359-5EDAD43B04D9}.Release|x86.ActiveCfg = Release|Win32
		{40D3FC2C-9CE6-4133-A359-5EDAD43B04D9}.Release|x86.Build.0 = Release|Win32
		{F1EC44C4-D1E7-43C3-AD08-7B238F8835EC}.Debug|x64.ActiveCfg = Debug|x64
		{F1EC44C4-D1E7-43C3-AD08-7B238F8835EC}.Debug|x64.Build.0 = Debug|x64
		{F1EC44C4-D1E7-43C3-AD08-7B238F8835EC}.Debug|x86.ActiveCfg = Debug|Win32
		{F1EC44C4-D1E7-43C3-AD08-7B238F8835EC}.Debug|x86.Build.0 = Debug|Win32
		{F1EC44C4-D1E7-43C3-AD08-7B238F8835EC}.Release|x64.ActiveCfg = Release|x64
		{F1EC44C4-D1E7-43C3-AD08-7B238F8835EC}.Release|x64.Build.0 = Release|x64
		{F1EC44C4-D1E7-43C3-AD08-7B238F8835EC}.Release|x86.ActiveCfg = Release|Win32
		{F1EC44C4-D1E7-43C3-AD08-7B238F8835EC}.Release|x86.Build.0 = Release|Win32
		{1FFA591C-03ED-4DFE-8A92-4CC1F8EFA7CE}.Debug|x64.ActiveCfg = Debug|x64
		{1FFA591C-03ED-4DFE-8A92-4CC1F8EFA7CE}.Debug|x64.Build.0 = Debug|x64
		{1FFA591C-03ED-4DFE-8A92-4CC1F8EFA7CE}.Debug|x86.ActiveCfg = Debug|Win32
		{1FFA591C-03ED-4DFE-8A92-4CC1F8EFA7CE}.Debug|x86.Build.0 = Debug|Win32
		{1FFA591C-03ED-4DFE-8A92-4CC1F8EFA7CE}.Release|x64.ActiveCfg = Release|x64
		{1FFA591C-03ED-4DFE-8A92-4CC1F8EFA7CE}.Release|x64.Build.0 = Release|x64
		{1FFA591C-03ED-4DFE-8A92-4CC1F8EFA7CE}.Release|x86.ActiveCfg = Release|Win32
		{1FFA591C-03ED-4DFE-8A92-4CC1F8EFA7CE}.Release|x86.Build.0 = Release|Win32
		{43C2BF84-B8B7-4DCA-8D3C-F385B0C68CD7}.Debug|x64.ActiveCfg = Debug|x64
		{43C2BF84-B8B7-4DCA-8D3C-F385B0C68CD7}.Debug|x64.Build.0 = Debug|x64
		{43C2BF84-B8B7-4DCA-8D3C-F385B0C68CD7}.Debug|x86.ActiveCfg = Debug|Win32
		{43C2BF84-B8B7-4DCA-8D3C-F385B0C68CD7}.Debug|x86.Build.0 = Debug|Win32
		{43C2BF84-B8B7-4DCA-8D3C-F385B0C68CD7}.Release|x64.ActiveCfg = Release|x64
		{43C2BF84-B8B7-4DCA-8D3C-F385B0C68CD7}.Release|x64.Build.0 = Release|x64
		{43C2BF84-B8B7-4DCA-8D3C-F385B0C68CD7}.Release|x86.ActiveCfg = Release|Win32
		{43C2BF84-B8B7-4DCA-8D3C-F385B0C68CD7}.Release|x86.Build.0 = Release|Win32
		{D6E95E2D-0F01-4ADB-AF07-4468A1526D64}.Debug|x64.ActiveCfg = Debug|x64
		{D6E95E2D-0F01-4ADB-AF07-4468A1526D64}.Debug|x64.Build.0 = Debug|x64
		{D6E95E2D-0F01-4ADB-AF07-4468A1526D64}.Debug|x86.ActiveCfg = Debug|Win32
		{D6E95E2D-0F01-4ADB-AF07-4468A1526D64}.Debug|x86.Build.0 = Debug|Win32
		{D6E95E2D-0F01-4ADB-AF07-4468A1526D64}.Release|x64.ActiveCfg = Release|x64
		{D6E95E2D-0F01-4ADB-AF07-4468A1526D64}.Release|x64.Build.0 = Release|x64
		{D6E95E2D-0F01-4ADB-AF07-4468A1526D64}.Release|x86.ActiveCfg = Release|Win32
		{D6E95E2D-0F01-4ADB-AF07-4468A1526D64}.Release|x86.Build.0 = Release|Win32
		{594A0BC2-2FA4-4100-9BD0-3F30C5432F76}.Debug|x64.ActiveCfg = Debug|x64
		{594A0BC2-2FA4-4100-9BD0-3F30C5432F76}.Debug|x64.Build.0 = Debug|x64
		{594A0BC2-2FA4-4100-9BD0-3F30C5432F76}.Debug|x86.ActiveCfg = Debug|Win32
		{594A0BC2-2FA4-4100-9BD0-3F30C5432F76}.Debug|x86.Build.0 = Debug|Win32
		{594A0BC2-2FA4-4100-9BD0-3F30C5432F76}.Release|x64.ActiveCfg = Release|x64
		{594A0BC2-2FA4-4100-9BD0-3F30C5432F76}.Release|x64.Build.0 = Release|x64
		{594A0BC2-2FA4-4100-9BD0-3F30C5432F76}.Release|x86.ActiveCfg = Release|Win32
		{594A0BC2-2FA4-4100-9BD0-3F30C5432F76}.Release|x86.Build.0 = Release|Win32
		{9FB705CC-FD51-4CC0-950E-BCD4A3A8F97E}.Debug|x64.ActiveCfg = Debug|x64
		{9FB705CC-FD51-4CC0-950E-BCD4A3A8F97E}.Debug|x64.Build.0 = Debug|x64
		{9FB705CC-FD51-4CC0-950E-BCD4A3A8F97E}.Debug|x86.ActiveCfg = Debug|Win32
		{9FB705CC-FD51-4CC0-950E-BCD4A3A8F97E}.Debug|x86.Build.0 = Debug|Win32
		{9FB705CC-FD51-4CC0-950E-BCD4A3A8F97E}.Release|x64.ActiveCfg = Release|x64
		{9FB705CC-FD51-4CC0-950E-BCD4A3A8F97E}.Release|x64.Build.0 = Release|x64
		{9FB705CC-FD51-4CC0-950E-BCD4A3A8F97E}.Release|x86.ActiveCfg = Release|Win32
		{9FB705CC-FD51-4CC0-950E-BCD4A3A8F97E}.Release|x86.Build.0 = Release|Win32
	EndGlobalSection
	GlobalSection(SolutionProperties) = preSolution
		HideSolutionNode = FALSE
	EndGlobalSection
	GlobalSection(NestedProjects) = preSolution
		{26878CA4-3DAC-466B-85D8-DB4C2EC16698} = {B229898F-4360-4E65-9595-72A6FF0C6126}
		{40D3FC2C-9CE6-4133-A359-5EDAD43B04D9} = {B229898F-4360-4E65-9595-72A6FF0C6126}
		{F1EC44C4-D1E7-43C3-AD08-7B238F8835EC} = {EB81C3E4-4A60-4D90-837F-ACFD38EED73B}
		{1FFA591C-03ED-4DFE-8A92-4CC1F8EFA7CE} = {EB81C3E4-4A60-4D90-837F-ACFD38EED73B}
	EndGlobalSection
	GlobalSection(ExtensibilityGlobals) = postSolution
		SolutionGuid = {2674914A-07FC-4997-B6D4-BB5674AE4299}
	EndGlobalSection
EndGlobal
